
Microsoft Visual Studio Solution File, Format Version 12.00
# Visual Studio Version 17
VisualStudioVersion = 17.7.34031.279
MinimumVisualStudioVersion = 10.0.40219.1
Project("{FAE04EC0-301F-11D3-BF4B-00C04F79EFBC}") = "BookMicroService", "BookMicroService.csproj", "{51B412F5-AC9E-428E-B2E2-36A6294AECED}"
EndProject
Global
	GlobalSection(SolutionConfigurationPlatforms) = preSolution
		Debug|Any CPU = Debug|Any CPU
		Release|Any CPU = Release|Any CPU
	EndGlobalSection
	GlobalSection(ProjectConfigurationPlatforms) = postSolution
		{51B412F5-AC9E-428E-B2E2-36A6294AECED}.Debug|Any CPU.ActiveCfg = Debug|Any CPU
		{51B412F5-AC9E-428E-B2E2-36A6294AECED}.Debug|Any CPU.Build.0 = Debug|Any CPU
		{51B412F5-AC9E-428E-B2E2-36A6294AECED}.Release|Any CPU.ActiveCfg = Release|Any CPU
		{51B412F5-AC9E-428E-B2E2-36A6294AECED}.Release|Any CPU.Build.0 = Release|Any CPU
	EndGlobalSection
	GlobalSection(SolutionProperties) = preSolution
		HideSolutionNode = FALSE
	EndGlobalSection
	GlobalSection(ExtensibilityGlobals) = postSolution
		SolutionGuid = {2C730EB9-D2B9-45C0-898D-26EF8B4FCF03}
	EndGlobalSection
EndGlobal
